// !$*UTF8*$!
{
	archiveVersion = 1;
	classes = {
	};
	objectVersion = 50;
	objects = {

/* Begin PBXBuildFile section */
		049120882463211900F648D4 /* DetailView.swift in Sources */ = {isa = PBXBuildFile; fileRef = 049120872463211900F648D4 /* DetailView.swift */; };
		04953800246329E700BB9D8A /* View.swift in Sources */ = {isa = PBXBuildFile; fileRef = 049537FF246329E700BB9D8A /* View.swift */; };
		049538022463420C00BB9D8A /* AlbumViewModel.swift in Sources */ = {isa = PBXBuildFile; fileRef = 049538012463420C00BB9D8A /* AlbumViewModel.swift */; };
		04A163232458CC8D009DD48C /* AppDelegate.swift in Sources */ = {isa = PBXBuildFile; fileRef = 04A163222458CC8D009DD48C /* AppDelegate.swift */; };
		04A163252458CC8D009DD48C /* SceneDelegate.swift in Sources */ = {isa = PBXBuildFile; fileRef = 04A163242458CC8D009DD48C /* SceneDelegate.swift */; };
		04A1632C2458CC93009DD48C /* Assets.xcassets in Resources */ = {isa = PBXBuildFile; fileRef = 04A1632B2458CC93009DD48C /* Assets.xcassets */; };
		04A1633A2458CC93009DD48C /* iTunesRSSProjectTests.swift in Sources */ = {isa = PBXBuildFile; fileRef = 04A163392458CC93009DD48C /* iTunesRSSProjectTests.swift */; };
		04A1A1A0246314260074DDBE /* MainView.swift in Sources */ = {isa = PBXBuildFile; fileRef = 04A1A19F246314260074DDBE /* MainView.swift */; };
		04A28E0F2466F4770061DD14 /* NetworkingManager.swift in Sources */ = {isa = PBXBuildFile; fileRef = 04A28E0E2466F4770061DD14 /* NetworkingManager.swift */; };
		04A81B432469E53B00965C17 /* ImageCache.swift in Sources */ = {isa = PBXBuildFile; fileRef = 04A81B422469E53B00965C17 /* ImageCache.swift */; };
		04A81B452469ECA100965C17 /* Feed.swift in Sources */ = {isa = PBXBuildFile; fileRef = 04A81B442469ECA100965C17 /* Feed.swift */; };
		04A81B472469ECAC00965C17 /* Results.swift in Sources */ = {isa = PBXBuildFile; fileRef = 04A81B462469ECAC00965C17 /* Results.swift */; };
		04AC34252469F1EB00BB6251 /* Genres.swift in Sources */ = {isa = PBXBuildFile; fileRef = 04AC34242469F1EB00BB6251 /* Genres.swift */; };
		04BC07942458D8300016C369 /* MainViewController.swift in Sources */ = {isa = PBXBuildFile; fileRef = 04BC07912458D8300016C369 /* MainViewController.swift */; };
		04BC07952458D8300016C369 /* AlbumCell.swift in Sources */ = {isa = PBXBuildFile; fileRef = 04BC07922458D8300016C369 /* AlbumCell.swift */; };
		04BC07962458D8300016C369 /* DetailViewController.swift in Sources */ = {isa = PBXBuildFile; fileRef = 04BC07932458D8300016C369 /* DetailViewController.swift */; };
		04BC07982458D8340016C369 /* ViewModel.swift in Sources */ = {isa = PBXBuildFile; fileRef = 04BC07972458D8340016C369 /* ViewModel.swift */; };
		04BC079D2458D83B0016C369 /* iTunesResults.swift in Sources */ = {isa = PBXBuildFile; fileRef = 04BC079B2458D83B0016C369 /* iTunesResults.swift */; };
		04BC079E2458D83B0016C369 /* Constants.swift in Sources */ = {isa = PBXBuildFile; fileRef = 04BC079C2458D83B0016C369 /* Constants.swift */; };
		04BC07A12458D8450016C369 /* UIImageView+downloadImage.swift in Sources */ = {isa = PBXBuildFile; fileRef = 04BC079F2458D8450016C369 /* UIImageView+downloadImage.swift */; };
		04BC07A22458D8450016C369 /* Notification+Extension.swift in Sources */ = {isa = PBXBuildFile; fileRef = 04BC07A02458D8450016C369 /* Notification+Extension.swift */; };
		04BC07A32458D87C0016C369 /* nt3.png in Resources */ = {isa = PBXBuildFile; fileRef = 04BC07992458D83B0016C369 /* nt3.png */; };
		04BC07A42458D8810016C369 /* iTunesResultJSON.json in Resources */ = {isa = PBXBuildFile; fileRef = 04BC079A2458D83B0016C369 /* iTunesResultJSON.json */; };
/* End PBXBuildFile section */

/* Begin PBXContainerItemProxy section */
		04A163362458CC93009DD48C /* PBXContainerItemProxy */ = {
			isa = PBXContainerItemProxy;
			containerPortal = 04A163172458CC8C009DD48C /* Project object */;
			proxyType = 1;
			remoteGlobalIDString = 04A1631E2458CC8D009DD48C;
			remoteInfo = iTunesRSSProject;
		};
/* End PBXContainerItemProxy section */

/* Begin PBXCopyFilesBuildPhase section */
		04BC07C42458D9170016C369 /* Embed Frameworks */ = {
			isa = PBXCopyFilesBuildPhase;
			buildActionMask = 2147483647;
			dstPath = "";
			dstSubfolderSpec = 10;
			files = (
			);
			name = "Embed Frameworks";
			runOnlyForDeploymentPostprocessing = 0;
		};
/* End PBXCopyFilesBuildPhase section */

/* Begin PBXFileReference section */
		049120872463211900F648D4 /* DetailView.swift */ = {isa = PBXFileReference; lastKnownFileType = sourcecode.swift; name = DetailView.swift; path = iTunesRSSProject/Views/DetailView.swift; sourceTree = SOURCE_ROOT; };
		049537FF246329E700BB9D8A /* View.swift */ = {isa = PBXFileReference; fileEncoding = 4; lastKnownFileType = sourcecode.swift; path = View.swift; sourceTree = "<group>"; };
		049538012463420C00BB9D8A /* AlbumViewModel.swift */ = {isa = PBXFileReference; lastKnownFileType = sourcecode.swift; path = AlbumViewModel.swift; sourceTree = "<group>"; };
		0495380324635D7100BB9D8A /* Nike Code Challenge Instructions.docx */ = {isa = PBXFileReference; lastKnownFileType = file; path = "Nike Code Challenge Instructions.docx"; sourceTree = "<group>"; };
		04A1631F2458CC8D009DD48C /* iTunesRSSProject.app */ = {isa = PBXFileReference; explicitFileType = wrapper.application; includeInIndex = 0; path = iTunesRSSProject.app; sourceTree = BUILT_PRODUCTS_DIR; };
		04A163222458CC8D009DD48C /* AppDelegate.swift */ = {isa = PBXFileReference; lastKnownFileType = sourcecode.swift; path = AppDelegate.swift; sourceTree = "<group>"; };
		04A163242458CC8D009DD48C /* SceneDelegate.swift */ = {isa = PBXFileReference; lastKnownFileType = sourcecode.swift; path = SceneDelegate.swift; sourceTree = "<group>"; };
		04A1632B2458CC93009DD48C /* Assets.xcassets */ = {isa = PBXFileReference; lastKnownFileType = folder.assetcatalog; path = Assets.xcassets; sourceTree = "<group>"; };
		04A163302458CC93009DD48C /* Info.plist */ = {isa = PBXFileReference; lastKnownFileType = text.plist.xml; path = Info.plist; sourceTree = "<group>"; };
		04A163352458CC93009DD48C /* iTunesRSSProjectTests.xctest */ = {isa = PBXFileReference; explicitFileType = wrapper.cfbundle; includeInIndex = 0; path = iTunesRSSProjectTests.xctest; sourceTree = BUILT_PRODUCTS_DIR; };
		04A163392458CC93009DD48C /* iTunesRSSProjectTests.swift */ = {isa = PBXFileReference; lastKnownFileType = sourcecode.swift; path = iTunesRSSProjectTests.swift; sourceTree = "<group>"; };
		04A1633B2458CC93009DD48C /* Info.plist */ = {isa = PBXFileReference; lastKnownFileType = text.plist.xml; path = Info.plist; sourceTree = "<group>"; };
		04A1A19F246314260074DDBE /* MainView.swift */ = {isa = PBXFileReference; lastKnownFileType = sourcecode.swift; path = MainView.swift; sourceTree = "<group>"; };
		04A28E0E2466F4770061DD14 /* NetworkingManager.swift */ = {isa = PBXFileReference; fileEncoding = 4; lastKnownFileType = sourcecode.swift; path = NetworkingManager.swift; sourceTree = "<group>"; };
		04A81B422469E53B00965C17 /* ImageCache.swift */ = {isa = PBXFileReference; lastKnownFileType = sourcecode.swift; name = ImageCache.swift; path = iTunesRSSProject/Views/ImageCache.swift; sourceTree = SOURCE_ROOT; };
		04A81B442469ECA100965C17 /* Feed.swift */ = {isa = PBXFileReference; lastKnownFileType = sourcecode.swift; path = Feed.swift; sourceTree = "<group>"; };
		04A81B462469ECAC00965C17 /* Results.swift */ = {isa = PBXFileReference; lastKnownFileType = sourcecode.swift; path = Results.swift; sourceTree = "<group>"; };
		04AC34242469F1EB00BB6251 /* Genres.swift */ = {isa = PBXFileReference; fileEncoding = 4; lastKnownFileType = sourcecode.swift; path = Genres.swift; sourceTree = "<group>"; };
		04BC07912458D8300016C369 /* MainViewController.swift */ = {isa = PBXFileReference; lastKnownFileType = sourcecode.swift; path = MainViewController.swift; sourceTree = "<group>"; };
		04BC07922458D8300016C369 /* AlbumCell.swift */ = {isa = PBXFileReference; lastKnownFileType = sourcecode.swift; path = AlbumCell.swift; sourceTree = "<group>"; };
		04BC07932458D8300016C369 /* DetailViewController.swift */ = {isa = PBXFileReference; lastKnownFileType = sourcecode.swift; path = DetailViewController.swift; sourceTree = "<group>"; };
		04BC07972458D8340016C369 /* ViewModel.swift */ = {isa = PBXFileReference; lastKnownFileType = sourcecode.swift; path = ViewModel.swift; sourceTree = "<group>"; };
		04BC07992458D83B0016C369 /* nt3.png */ = {isa = PBXFileReference; lastKnownFileType = image.png; path = nt3.png; sourceTree = "<group>"; };
		04BC079A2458D83B0016C369 /* iTunesResultJSON.json */ = {isa = PBXFileReference; lastKnownFileType = text.json; path = iTunesResultJSON.json; sourceTree = "<group>"; };
		04BC079B2458D83B0016C369 /* iTunesResults.swift */ = {isa = PBXFileReference; lastKnownFileType = sourcecode.swift; path = iTunesResults.swift; sourceTree = "<group>"; };
		04BC079C2458D83B0016C369 /* Constants.swift */ = {isa = PBXFileReference; lastKnownFileType = sourcecode.swift; path = Constants.swift; sourceTree = "<group>"; };
		04BC079F2458D8450016C369 /* UIImageView+downloadImage.swift */ = {isa = PBXFileReference; fileEncoding = 4; lastKnownFileType = sourcecode.swift; path = "UIImageView+downloadImage.swift"; sourceTree = "<group>"; };
		04BC07A02458D8450016C369 /* Notification+Extension.swift */ = {isa = PBXFileReference; fileEncoding = 4; lastKnownFileType = sourcecode.swift; path = "Notification+Extension.swift"; sourceTree = "<group>"; };
/* End PBXFileReference section */

/* Begin PBXFrameworksBuildPhase section */
		04A1631C2458CC8D009DD48C /* Frameworks */ = {
			isa = PBXFrameworksBuildPhase;
			buildActionMask = 2147483647;
			files = (
			);
			runOnlyForDeploymentPostprocessing = 0;
		};
		04A163322458CC93009DD48C /* Frameworks */ = {
			isa = PBXFrameworksBuildPhase;
			buildActionMask = 2147483647;
			files = (
			);
			runOnlyForDeploymentPostprocessing = 0;
		};
/* End PBXFrameworksBuildPhase section */

/* Begin PBXGroup section */
		049537FE246329E700BB9D8A /* Custom Classes */ = {
			isa = PBXGroup;
			children = (
				049537FF246329E700BB9D8A /* View.swift */,
			);
			path = "Custom Classes";
			sourceTree = "<group>";
		};
		04A163162458CC8C009DD48C = {
			isa = PBXGroup;
			children = (
				0495380324635D7100BB9D8A /* Nike Code Challenge Instructions.docx */,
				04A163212458CC8D009DD48C /* iTunesRSSProject */,
				04A163382458CC93009DD48C /* iTunesRSSProjectTests */,
				04A163202458CC8D009DD48C /* Products */,
				70393E72933DCF1C038BE2C5 /* Pods */,
			);
			sourceTree = "<group>";
		};
		04A163202458CC8D009DD48C /* Products */ = {
			isa = PBXGroup;
			children = (
				04A1631F2458CC8D009DD48C /* iTunesRSSProject.app */,
				04A163352458CC93009DD48C /* iTunesRSSProjectTests.xctest */,
			);
			name = Products;
			sourceTree = "<group>";
		};
		04A163212458CC8D009DD48C /* iTunesRSSProject */ = {
			isa = PBXGroup;
			children = (
				04A163222458CC8D009DD48C /* AppDelegate.swift */,
				04A163242458CC8D009DD48C /* SceneDelegate.swift */,
				049537FE246329E700BB9D8A /* Custom Classes */,
				04A1A1A12463143F0074DDBE /* Controllers */,
				04BC07A52458D8910016C369 /* Views */,
				04BC07A62458D89C0016C369 /* View Models */,
				04BC07A72458D8B40016C369 /* Models */,
				04BC07A82458D8BE0016C369 /* Extensions */,
				04A28E102466F4B10061DD14 /* Tools */,
				04A1632B2458CC93009DD48C /* Assets.xcassets */,
				04A163302458CC93009DD48C /* Info.plist */,
			);
			path = iTunesRSSProject;
			sourceTree = "<group>";
		};
		04A163382458CC93009DD48C /* iTunesRSSProjectTests */ = {
			isa = PBXGroup;
			children = (
				04A163392458CC93009DD48C /* iTunesRSSProjectTests.swift */,
				04A1633B2458CC93009DD48C /* Info.plist */,
			);
			path = iTunesRSSProjectTests;
			sourceTree = "<group>";
		};
		04A1A1A12463143F0074DDBE /* Controllers */ = {
			isa = PBXGroup;
			children = (
				04BC07912458D8300016C369 /* MainViewController.swift */,
				04BC07932458D8300016C369 /* DetailViewController.swift */,
			);
			path = Controllers;
			sourceTree = "<group>";
		};
		04A28E102466F4B10061DD14 /* Tools */ = {
			isa = PBXGroup;
			children = (
				04A81B422469E53B00965C17 /* ImageCache.swift */,
				04A28E0E2466F4770061DD14 /* NetworkingManager.swift */,
			);
			path = Tools;
			sourceTree = "<group>";
		};
		04BC07A52458D8910016C369 /* Views */ = {
			isa = PBXGroup;
			children = (
				04BC07922458D8300016C369 /* AlbumCell.swift */,
				049120872463211900F648D4 /* DetailView.swift */,
				04A1A19F246314260074DDBE /* MainView.swift */,
			);
			path = Views;
			sourceTree = "<group>";
		};
		04BC07A62458D89C0016C369 /* View Models */ = {
			isa = PBXGroup;
			children = (
				04BC07972458D8340016C369 /* ViewModel.swift */,
				049538012463420C00BB9D8A /* AlbumViewModel.swift */,
			);
			path = "View Models";
			sourceTree = "<group>";
		};
		04BC07A72458D8B40016C369 /* Models */ = {
			isa = PBXGroup;
			children = (
				04BC079A2458D83B0016C369 /* iTunesResultJSON.json */,
				04BC07992458D83B0016C369 /* nt3.png */,
				04BC079C2458D83B0016C369 /* Constants.swift */,
				04BC079B2458D83B0016C369 /* iTunesResults.swift */,
				04A81B442469ECA100965C17 /* Feed.swift */,
				04A81B462469ECAC00965C17 /* Results.swift */,
				04AC34242469F1EB00BB6251 /* Genres.swift */,
			);
			path = Models;
			sourceTree = "<group>";
		};
		04BC07A82458D8BE0016C369 /* Extensions */ = {
			isa = PBXGroup;
			children = (
				04BC07A02458D8450016C369 /* Notification+Extension.swift */,
				04BC079F2458D8450016C369 /* UIImageView+downloadImage.swift */,
			);
			path = Extensions;
			sourceTree = "<group>";
		};
		70393E72933DCF1C038BE2C5 /* Pods */ = {
			isa = PBXGroup;
			children = (
			);
			path = Pods;
			sourceTree = "<group>";
		};
/* End PBXGroup section */

/* Begin PBXNativeTarget section */
		04A1631E2458CC8D009DD48C /* iTunesRSSProject */ = {
			isa = PBXNativeTarget;
			buildConfigurationList = 04A1633E2458CC93009DD48C /* Build configuration list for PBXNativeTarget "iTunesRSSProject" */;
			buildPhases = (
				04A1631B2458CC8D009DD48C /* Sources */,
				04A1631C2458CC8D009DD48C /* Frameworks */,
				04A1631D2458CC8D009DD48C /* Resources */,
				04BC07C42458D9170016C369 /* Embed Frameworks */,
			);
			buildRules = (
			);
			dependencies = (
			);
			name = iTunesRSSProject;
			productName = iTunesRSSProject;
			productReference = 04A1631F2458CC8D009DD48C /* iTunesRSSProject.app */;
			productType = "com.apple.product-type.application";
		};
		04A163342458CC93009DD48C /* iTunesRSSProjectTests */ = {
			isa = PBXNativeTarget;
			buildConfigurationList = 04A163412458CC93009DD48C /* Build configuration list for PBXNativeTarget "iTunesRSSProjectTests" */;
			buildPhases = (
				04A163312458CC93009DD48C /* Sources */,
				04A163322458CC93009DD48C /* Frameworks */,
				04A163332458CC93009DD48C /* Resources */,
			);
			buildRules = (
			);
			dependencies = (
				04A163372458CC93009DD48C /* PBXTargetDependency */,
			);
			name = iTunesRSSProjectTests;
			productName = iTunesRSSProjectTests;
			productReference = 04A163352458CC93009DD48C /* iTunesRSSProjectTests.xctest */;
			productType = "com.apple.product-type.bundle.unit-test";
		};
/* End PBXNativeTarget section */

/* Begin PBXProject section */
		04A163172458CC8C009DD48C /* Project object */ = {
			isa = PBXProject;
			attributes = {
				LastSwiftUpdateCheck = 1140;
				LastUpgradeCheck = 1140;
				ORGANIZATIONNAME = MCS;
				TargetAttributes = {
					04A1631E2458CC8D009DD48C = {
						CreatedOnToolsVersion = 11.4.1;
					};
					04A163342458CC93009DD48C = {
						CreatedOnToolsVersion = 11.4.1;
						TestTargetID = 04A1631E2458CC8D009DD48C;
					};
				};
			};
			buildConfigurationList = 04A1631A2458CC8C009DD48C /* Build configuration list for PBXProject "iTunesRSSProject" */;
			compatibilityVersion = "Xcode 9.3";
			developmentRegion = en;
			hasScannedForEncodings = 0;
			knownRegions = (
				en,
				Base,
			);
			mainGroup = 04A163162458CC8C009DD48C;
			productRefGroup = 04A163202458CC8D009DD48C /* Products */;
			projectDirPath = "";
			projectRoot = "";
			targets = (
				04A1631E2458CC8D009DD48C /* iTunesRSSProject */,
				04A163342458CC93009DD48C /* iTunesRSSProjectTests */,
			);
		};
/* End PBXProject section */

/* Begin PBXResourcesBuildPhase section */
		04A1631D2458CC8D009DD48C /* Resources */ = {
			isa = PBXResourcesBuildPhase;
			buildActionMask = 2147483647;
			files = (
				04A1632C2458CC93009DD48C /* Assets.xcassets in Resources */,
				04BC07A32458D87C0016C369 /* nt3.png in Resources */,
				04BC07A42458D8810016C369 /* iTunesResultJSON.json in Resources */,
			);
			runOnlyForDeploymentPostprocessing = 0;
		};
		04A163332458CC93009DD48C /* Resources */ = {
			isa = PBXResourcesBuildPhase;
			buildActionMask = 2147483647;
			files = (
			);
			runOnlyForDeploymentPostprocessing = 0;
		};
/* End PBXResourcesBuildPhase section */

/* Begin PBXSourcesBuildPhase section */
		04A1631B2458CC8D009DD48C /* Sources */ = {
			isa = PBXSourcesBuildPhase;
			buildActionMask = 2147483647;
			files = (
				04BC07982458D8340016C369 /* ViewModel.swift in Sources */,
				049120882463211900F648D4 /* DetailView.swift in Sources */,
				04A81B432469E53B00965C17 /* ImageCache.swift in Sources */,
				04BC07962458D8300016C369 /* DetailViewController.swift in Sources */,
				04A28E0F2466F4770061DD14 /* NetworkingManager.swift in Sources */,
				04BC07942458D8300016C369 /* MainViewController.swift in Sources */,
				04A81B472469ECAC00965C17 /* Results.swift in Sources */,
				04BC079D2458D83B0016C369 /* iTunesResults.swift in Sources */,
				04BC07A22458D8450016C369 /* Notification+Extension.swift in Sources */,
				04AC34252469F1EB00BB6251 /* Genres.swift in Sources */,
				04A81B452469ECA100965C17 /* Feed.swift in Sources */,
				04BC07952458D8300016C369 /* AlbumCell.swift in Sources */,
				04BC07A12458D8450016C369 /* UIImageView+downloadImage.swift in Sources */,
				04A1A1A0246314260074DDBE /* MainView.swift in Sources */,
				04A163232458CC8D009DD48C /* AppDelegate.swift in Sources */,
				049538022463420C00BB9D8A /* AlbumViewModel.swift in Sources */,
				04A163252458CC8D009DD48C /* SceneDelegate.swift in Sources */,
				04BC079E2458D83B0016C369 /* Constants.swift in Sources */,
				04953800246329E700BB9D8A /* View.swift in Sources */,
			);
			runOnlyForDeploymentPostprocessing = 0;
		};
		04A163312458CC93009DD48C /* Sources */ = {
			isa = PBXSourcesBuildPhase;
			buildActionMask = 2147483647;
			files = (
				04A1633A2458CC93009DD48C /* iTunesRSSProjectTests.swift in Sources */,
			);
			runOnlyForDeploymentPostprocessing = 0;
		};
/* End PBXSourcesBuildPhase section */

/* Begin PBXTargetDependency section */
		04A163372458CC93009DD48C /* PBXTargetDependency */ = {
			isa = PBXTargetDependency;
			target = 04A1631E2458CC8D009DD48C /* iTunesRSSProject */;
			targetProxy = 04A163362458CC93009DD48C /* PBXContainerItemProxy */;
		};
/* End PBXTargetDependency section */

/* Begin XCBuildConfiguration section */
		04A1633C2458CC93009DD48C /* Debug */ = {
			isa = XCBuildConfiguration;
			buildSettings = {
				ALWAYS_SEARCH_USER_PATHS = NO;
				CLANG_ANALYZER_NONNULL = YES;
				CLANG_ANALYZER_NUMBER_OBJECT_CONVERSION = YES_AGGRESSIVE;
				CLANG_CXX_LANGUAGE_STANDARD = "gnu++14";
				CLANG_CXX_LIBRARY = "libc++";
				CLANG_ENABLE_MODULES = YES;
				CLANG_ENABLE_OBJC_ARC = YES;
				CLANG_ENABLE_OBJC_WEAK = YES;
				CLANG_WARN_BLOCK_CAPTURE_AUTORELEASING = YES;
				CLANG_WARN_BOOL_CONVERSION = YES;
				CLANG_WARN_COMMA = YES;
				CLANG_WARN_CONSTANT_CONVERSION = YES;
				CLANG_WARN_DEPRECATED_OBJC_IMPLEMENTATIONS = YES;
				CLANG_WARN_DIRECT_OBJC_ISA_USAGE = YES_ERROR;
				CLANG_WARN_DOCUMENTATION_COMMENTS = YES;
				CLANG_WARN_EMPTY_BODY = YES;
				CLANG_WARN_ENUM_CONVERSION = YES;
				CLANG_WARN_INFINITE_RECURSION = YES;
				CLANG_WARN_INT_CONVERSION = YES;
				CLANG_WARN_NON_LITERAL_NULL_CONVERSION = YES;
				CLANG_WARN_OBJC_IMPLICIT_RETAIN_SELF = YES;
				CLANG_WARN_OBJC_LITERAL_CONVERSION = YES;
				CLANG_WARN_OBJC_ROOT_CLASS = YES_ERROR;
				CLANG_WARN_RANGE_LOOP_ANALYSIS = YES;
				CLANG_WARN_STRICT_PROTOTYPES = YES;
				CLANG_WARN_SUSPICIOUS_MOVE = YES;
				CLANG_WARN_UNGUARDED_AVAILABILITY = YES_AGGRESSIVE;
				CLANG_WARN_UNREACHABLE_CODE = YES;
				CLANG_WARN__DUPLICATE_METHOD_MATCH = YES;
				COPY_PHASE_STRIP = NO;
				DEBUG_INFORMATION_FORMAT = dwarf;
				ENABLE_STRICT_OBJC_MSGSEND = YES;
				ENABLE_TESTABILITY = YES;
				GCC_C_LANGUAGE_STANDARD = gnu11;
				GCC_DYNAMIC_NO_PIC = NO;
				GCC_NO_COMMON_BLOCKS = YES;
				GCC_OPTIMIZATION_LEVEL = 0;
				GCC_PREPROCESSOR_DEFINITIONS = (
					"DEBUG=1",
					"$(inherited)",
				);
				GCC_WARN_64_TO_32_BIT_CONVERSION = YES;
				GCC_WARN_ABOUT_RETURN_TYPE = YES_ERROR;
				GCC_WARN_UNDECLARED_SELECTOR = YES;
				GCC_WARN_UNINITIALIZED_AUTOS = YES_AGGRESSIVE;
				GCC_WARN_UNUSED_FUNCTION = YES;
				GCC_WARN_UNUSED_VARIABLE = YES;
				IPHONEOS_DEPLOYMENT_TARGET = 13.4;
				MTL_ENABLE_DEBUG_INFO = INCLUDE_SOURCE;
				MTL_FAST_MATH = YES;
				ONLY_ACTIVE_ARCH = YES;
				SDKROOT = iphoneos;
				SWIFT_ACTIVE_COMPILATION_CONDITIONS = DEBUG;
				SWIFT_OPTIMIZATION_LEVEL = "-Onone";
			};
			name = Debug;
		};
		04A1633D2458CC93009DD48C /* Release */ = {
			isa = XCBuildConfiguration;
			buildSettings = {
				ALWAYS_SEARCH_USER_PATHS = NO;
				CLANG_ANALYZER_NONNULL = YES;
				CLANG_ANALYZER_NUMBER_OBJECT_CONVERSION = YES_AGGRESSIVE;
				CLANG_CXX_LANGUAGE_STANDARD = "gnu++14";
				CLANG_CXX_LIBRARY = "libc++";
				CLANG_ENABLE_MODULES = YES;
				CLANG_ENABLE_OBJC_ARC = YES;
				CLANG_ENABLE_OBJC_WEAK = YES;
				CLANG_WARN_BLOCK_CAPTURE_AUTORELEASING = YES;
				CLANG_WARN_BOOL_CONVERSION = YES;
				CLANG_WARN_COMMA = YES;
				CLANG_WARN_CONSTANT_CONVERSION = YES;
				CLANG_WARN_DEPRECATED_OBJC_IMPLEMENTATIONS = YES;
				CLANG_WARN_DIRECT_OBJC_ISA_USAGE = YES_ERROR;
				CLANG_WARN_DOCUMENTATION_COMMENTS = YES;
				CLANG_WARN_EMPTY_BODY = YES;
				CLANG_WARN_ENUM_CONVERSION = YES;
				CLANG_WARN_INFINITE_RECURSION = YES;
				CLANG_WARN_INT_CONVERSION = YES;
				CLANG_WARN_NON_LITERAL_NULL_CONVERSION = YES;
				CLANG_WARN_OBJC_IMPLICIT_RETAIN_SELF = YES;
				CLANG_WARN_OBJC_LITERAL_CONVERSION = YES;
				CLANG_WARN_OBJC_ROOT_CLASS = YES_ERROR;
				CLANG_WARN_RANGE_LOOP_ANALYSIS = YES;
				CLANG_WARN_STRICT_PROTOTYPES = YES;
				CLANG_WARN_SUSPICIOUS_MOVE = YES;
				CLANG_WARN_UNGUARDED_AVAILABILITY = YES_AGGRESSIVE;
				CLANG_WARN_UNREACHABLE_CODE = YES;
				CLANG_WARN__DUPLICATE_METHOD_MATCH = YES;
				COPY_PHASE_STRIP = NO;
				DEBUG_INFORMATION_FORMAT = "dwarf-with-dsym";
				ENABLE_NS_ASSERTIONS = NO;
				ENABLE_STRICT_OBJC_MSGSEND = YES;
				GCC_C_LANGUAGE_STANDARD = gnu11;
				GCC_NO_COMMON_BLOCKS = YES;
				GCC_WARN_64_TO_32_BIT_CONVERSION = YES;
				GCC_WARN_ABOUT_RETURN_TYPE = YES_ERROR;
				GCC_WARN_UNDECLARED_SELECTOR = YES;
				GCC_WARN_UNINITIALIZED_AUTOS = YES_AGGRESSIVE;
				GCC_WARN_UNUSED_FUNCTION = YES;
				GCC_WARN_UNUSED_VARIABLE = YES;
				IPHONEOS_DEPLOYMENT_TARGET = 13.4;
				MTL_ENABLE_DEBUG_INFO = NO;
				MTL_FAST_MATH = YES;
				SDKROOT = iphoneos;
				SWIFT_COMPILATION_MODE = wholemodule;
				SWIFT_OPTIMIZATION_LEVEL = "-O";
				VALIDATE_PRODUCT = YES;
			};
			name = Release;
		};
		04A1633F2458CC93009DD48C /* Debug */ = {
			isa = XCBuildConfiguration;
			buildSettings = {
				ASSETCATALOG_COMPILER_APPICON_NAME = AppIcon;
				CODE_SIGN_STYLE = Automatic;
				DEVELOPMENT_TEAM = YZ49UPFS2X;
				INFOPLIST_FILE = iTunesRSSProject/Info.plist;
				LD_RUNPATH_SEARCH_PATHS = (
					"$(inherited)",
					"@executable_path/Frameworks",
				);
				PRODUCT_BUNDLE_IDENTIFIER = com.mcs.iTunesRSSProject;
				PRODUCT_NAME = "$(TARGET_NAME)";
				SWIFT_VERSION = 5.0;
				TARGETED_DEVICE_FAMILY = "1,2";
			};
			name = Debug;
		};
		04A163402458CC93009DD48C /* Release */ = {
			isa = XCBuildConfiguration;
			buildSettings = {
				ASSETCATALOG_COMPILER_APPICON_NAME = AppIcon;
				CODE_SIGN_STYLE = Automatic;
				DEVELOPMENT_TEAM = YZ49UPFS2X;
				INFOPLIST_FILE = iTunesRSSProject/Info.plist;
				LD_RUNPATH_SEARCH_PATHS = (
					"$(inherited)",
					"@executable_path/Frameworks",
				);
				PRODUCT_BUNDLE_IDENTIFIER = com.mcs.iTunesRSSProject;
				PRODUCT_NAME = "$(TARGET_NAME)";
				SWIFT_VERSION = 5.0;
				TARGETED_DEVICE_FAMILY = "1,2";
			};
			name = Release;
		};
		04A163422458CC93009DD48C /* Debug */ = {
			isa = XCBuildConfiguration;
			buildSettings = {
				ALWAYS_EMBED_SWIFT_STANDARD_LIBRARIES = YES;
				BUNDLE_LOADER = "$(TEST_HOST)";
				CODE_SIGN_STYLE = Automatic;
				DEVELOPMENT_TEAM = YZ49UPFS2X;
				INFOPLIST_FILE = iTunesRSSProjectTests/Info.plist;
				IPHONEOS_DEPLOYMENT_TARGET = 13.4;
				LD_RUNPATH_SEARCH_PATHS = (
					"$(inherited)",
					"@executable_path/Frameworks",
					"@loader_path/Frameworks",
				);
				PRODUCT_BUNDLE_IDENTIFIER = com.mcs.iTunesRSSProjectTests;
				PRODUCT_NAME = "$(TARGET_NAME)";
				SWIFT_VERSION = 5.0;
				TARGETED_DEVICE_FAMILY = "1,2";
				TEST_HOST = "$(BUILT_PRODUCTS_DIR)/iTunesRSSProject.app/iTunesRSSProject";
			};
			name = Debug;
		};
		04A163432458CC93009DD48C /* Release */ = {
			isa = XCBuildConfiguration;
			buildSettings = {
				ALWAYS_EMBED_SWIFT_STANDARD_LIBRARIES = YES;
				BUNDLE_LOADER = "$(TEST_HOST)";
				CODE_SIGN_STYLE = Automatic;
				DEVELOPMENT_TEAM = YZ49UPFS2X;
				INFOPLIST_FILE = iTunesRSSProjectTests/Info.plist;
				IPHONEOS_DEPLOYMENT_TARGET = 13.4;
				LD_RUNPATH_SEARCH_PATHS = (
					"$(inherited)",
					"@executable_path/Frameworks",
					"@loader_path/Frameworks",
				);
				PRODUCT_BUNDLE_IDENTIFIER = com.mcs.iTunesRSSProjectTests;
				PRODUCT_NAME = "$(TARGET_NAME)";
				SWIFT_VERSION = 5.0;
				TARGETED_DEVICE_FAMILY = "1,2";
				TEST_HOST = "$(BUILT_PRODUCTS_DIR)/iTunesRSSProject.app/iTunesRSSProject";
			};
			name = Release;
		};
/* End XCBuildConfiguration section */

/* Begin XCConfigurationList section */
		04A1631A2458CC8C009DD48C /* Build configuration list for PBXProject "iTunesRSSProject" */ = {
			isa = XCConfigurationList;
			buildConfigurations = (
				04A1633C2458CC93009DD48C /* Debug */,
				04A1633D2458CC93009DD48C /* Release */,
			);
			defaultConfigurationIsVisible = 0;
			defaultConfigurationName = Release;
		};
		04A1633E2458CC93009DD48C /* Build configuration list for PBXNativeTarget "iTunesRSSProject" */ = {
			isa = XCConfigurationList;
			buildConfigurations = (
				04A1633F2458CC93009DD48C /* Debug */,
				04A163402458CC93009DD48C /* Release */,
			);
			defaultConfigurationIsVisible = 0;
			defaultConfigurationName = Release;
		};
		04A163412458CC93009DD48C /* Build configuration list for PBXNativeTarget "iTunesRSSProjectTests" */ = {
			isa = XCConfigurationList;
			buildConfigurations = (
				04A163422458CC93009DD48C /* Debug */,
				04A163432458CC93009DD48C /* Release */,
			);
			defaultConfigurationIsVisible = 0;
			defaultConfigurationName = Release;
		};
/* End XCConfigurationList section */
	};
	rootObject = 04A163172458CC8C009DD48C /* Project object */;
}
